// !$*UTF8*$!
{
	archiveVersion = 1;
	classes = {
	};
	objectVersion = 46;
	objects = {

/* Begin PBXBuildFile section */
		0C515D3C2416C923003FB613 /* Default-568h@2x.png in Resources */ = {isa = PBXBuildFile; fileRef = 0C515D3B2416C923003FB613 /* Default-568h@2x.png */; };
		0CA590642416C13F008C5913 /* AppDelegate.m in Sources */ = {isa = PBXBuildFile; fileRef = 13B07FB01A68108700A75B9A /* AppDelegate.m */; };
		0CA590652416C13F008C5913 /* main.m in Sources */ = {isa = PBXBuildFile; fileRef = 13B07FB71A68108700A75B9A /* main.m */; };
		0CA590672416C13F008C5913 /* libPods-Socialite.a in Frameworks */ = {isa = PBXBuildFile; fileRef = FCF3A253E1B629B541C9858E /* libPods-Socialite.a */; };
		0CA590692416C13F008C5913 /* Images.xcassets in Resources */ = {isa = PBXBuildFile; fileRef = 13B07FB51A68108700A75B9A /* Images.xcassets */; };
		0CA5906A2416C13F008C5913 /* LaunchScreen.xib in Resources */ = {isa = PBXBuildFile; fileRef = 13B07FB11A68108700A75B9A /* LaunchScreen.xib */; };
		0CA5906B2416C13F008C5913 /* GoogleService-Info.plist in Resources */ = {isa = PBXBuildFile; fileRef = 0CA0DB602413734E0098B0FA /* GoogleService-Info.plist */; };
		0CA5906C2416C13F008C5913 /* Comfortaa-Bold.ttf in Resources */ = {isa = PBXBuildFile; fileRef = 19B64085AAA040DCA76D323B /* Comfortaa-Bold.ttf */; };
		0CA5906D2416C13F008C5913 /* Comfortaa-Light.ttf in Resources */ = {isa = PBXBuildFile; fileRef = 708A3547CFDF4A0CA03E9EBD /* Comfortaa-Light.ttf */; };
		0CA5906E2416C13F008C5913 /* Comfortaa-Medium.ttf in Resources */ = {isa = PBXBuildFile; fileRef = CD696E1841EB48CBA814040D /* Comfortaa-Medium.ttf */; };
		0CA5906F2416C13F008C5913 /* Comfortaa-Regular.ttf in Resources */ = {isa = PBXBuildFile; fileRef = 1925099350DC4FA49C235DEE /* Comfortaa-Regular.ttf */; };
		0CA590702416C13F008C5913 /* Comfortaa-SemiBold.ttf in Resources */ = {isa = PBXBuildFile; fileRef = C4993445833342388EB101A4 /* Comfortaa-SemiBold.ttf */; };
		0CA590712416C13F008C5913 /* Roboto-Black.ttf in Resources */ = {isa = PBXBuildFile; fileRef = DC675A490CE1401084B41C11 /* Roboto-Black.ttf */; };
/* End PBXBuildFile section */

/* Begin PBXFileReference section */
		008F07F21AC5B25A0029DE68 /* main.jsbundle */ = {isa = PBXFileReference; fileEncoding = 4; lastKnownFileType = text; path = main.jsbundle; sourceTree = "<group>"; };
		00E356F11AD99517003FC87E /* Info.plist */ = {isa = PBXFileReference; lastKnownFileType = text.plist.xml; path = Info.plist; sourceTree = "<group>"; };
		00E356F21AD99517003FC87E /* SocialiteTests.m */ = {isa = PBXFileReference; lastKnownFileType = sourcecode.c.objc; path = SocialiteTests.m; sourceTree = "<group>"; };
		0923FEFE6E169DFAD235A2F9 /* Pods-SocialiteTests.release.xcconfig */ = {isa = PBXFileReference; includeInIndex = 1; lastKnownFileType = text.xcconfig; name = "Pods-SocialiteTests.release.xcconfig"; path = "Target Support Files/Pods-SocialiteTests/Pods-SocialiteTests.release.xcconfig"; sourceTree = "<group>"; };
		0A3409AE6A034EACA885B8B6 /* Roboto-Black.ttf */ = {isa = PBXFileReference; explicitFileType = undefined; fileEncoding = 9; includeInIndex = 0; lastKnownFileType = unknown; name = "Roboto-Black.ttf"; path = "../assets/fonts/Roboto-Black.ttf"; sourceTree = "<group>"; };
		0B6372C5CBC542DD898C9D1D /* Comfortaa-Regular.ttf */ = {isa = PBXFileReference; explicitFileType = undefined; fileEncoding = 9; includeInIndex = 0; lastKnownFileType = unknown; name = "Comfortaa-Regular.ttf"; path = "../assets/fonts/Comfortaa-Regular.ttf"; sourceTree = "<group>"; };
		0C515D3B2416C923003FB613 /* Default-568h@2x.png */ = {isa = PBXFileReference; lastKnownFileType = image.png; path = "Default-568h@2x.png"; sourceTree = "<group>"; };
		0CA0DB602413734E0098B0FA /* GoogleService-Info.plist */ = {isa = PBXFileReference; fileEncoding = 4; lastKnownFileType = text.plist.xml; name = "GoogleService-Info.plist"; path = "Socialite/GoogleService-Info.plist"; sourceTree = "<group>"; };
		0CA590772416C13F008C5913 /* Socialite.app */ = {isa = PBXFileReference; explicitFileType = wrapper.application; includeInIndex = 0; path = Socialite.app; sourceTree = BUILT_PRODUCTS_DIR; };
		0CA590782416C13F008C5913 /* Socialite copy-Info.plist */ = {isa = PBXFileReference; lastKnownFileType = text.plist.xml; name = "Socialite copy-Info.plist"; path = "/Users/stephen.zlu/Documents/Socialite/mobile-frontend/ios/Socialite copy-Info.plist"; sourceTree = "<absolute>"; };
		0CA590862416C145008C5913 /* SocialiteTests copy-Info.plist */ = {isa = PBXFileReference; lastKnownFileType = text.plist.xml; name = "SocialiteTests copy-Info.plist"; path = "/Users/stephen.zlu/Documents/Socialite/mobile-frontend/ios/SocialiteTests copy-Info.plist"; sourceTree = "<absolute>"; };
		0CA590962416C147008C5913 /* Socialite-tvOS copy-Info.plist */ = {isa = PBXFileReference; lastKnownFileType = text.plist.xml; name = "Socialite-tvOS copy-Info.plist"; path = "/Users/stephen.zlu/Documents/Socialite/mobile-frontend/ios/Socialite-tvOS copy-Info.plist"; sourceTree = "<absolute>"; };
		0CA590A42416C14B008C5913 /* Socialite-tvOSTests copy-Info.plist */ = {isa = PBXFileReference; lastKnownFileType = text.plist.xml; name = "Socialite-tvOSTests copy-Info.plist"; path = "/Users/stephen.zlu/Documents/Socialite/mobile-frontend/ios/Socialite-tvOSTests copy-Info.plist"; sourceTree = "<absolute>"; };
		124776A2C01C4FE4AEF56B1C /* Roboto-Light.ttf */ = {isa = PBXFileReference; explicitFileType = undefined; fileEncoding = 9; includeInIndex = 0; lastKnownFileType = unknown; name = "Roboto-Light.ttf"; path = "../assets/fonts/Roboto/Roboto-Light.ttf"; sourceTree = "<group>"; };
		13B07FAF1A68108700A75B9A /* AppDelegate.h */ = {isa = PBXFileReference; fileEncoding = 4; lastKnownFileType = sourcecode.c.h; name = AppDelegate.h; path = Socialite/AppDelegate.h; sourceTree = "<group>"; };
		13B07FB01A68108700A75B9A /* AppDelegate.m */ = {isa = PBXFileReference; fileEncoding = 4; lastKnownFileType = sourcecode.c.objc; name = AppDelegate.m; path = Socialite/AppDelegate.m; sourceTree = "<group>"; };
		13B07FB21A68108700A75B9A /* Base */ = {isa = PBXFileReference; lastKnownFileType = file.xib; name = Base; path = Base.lproj/LaunchScreen.xib; sourceTree = "<group>"; };
		13B07FB51A68108700A75B9A /* Images.xcassets */ = {isa = PBXFileReference; lastKnownFileType = folder.assetcatalog; name = Images.xcassets; path = Socialite/Images.xcassets; sourceTree = "<group>"; };
		13B07FB61A68108700A75B9A /* Info.plist */ = {isa = PBXFileReference; fileEncoding = 4; lastKnownFileType = text.plist.xml; name = Info.plist; path = Socialite/Info.plist; sourceTree = "<group>"; };
		13B07FB71A68108700A75B9A /* main.m */ = {isa = PBXFileReference; fileEncoding = 4; lastKnownFileType = sourcecode.c.objc; name = main.m; path = Socialite/main.m; sourceTree = "<group>"; };
		13C36F2CED6E4700A48DF8B9 /* Comfortaa-SemiBold.ttf */ = {isa = PBXFileReference; explicitFileType = undefined; fileEncoding = 9; includeInIndex = 0; lastKnownFileType = unknown; name = "Comfortaa-SemiBold.ttf"; path = "../assets/fonts/Comfortaa-SemiBold.ttf"; sourceTree = "<group>"; };
		1925099350DC4FA49C235DEE /* Comfortaa-Regular.ttf */ = {isa = PBXFileReference; explicitFileType = undefined; fileEncoding = 9; includeInIndex = 0; lastKnownFileType = unknown; name = "Comfortaa-Regular.ttf"; path = "../src/res/fonts/Comfortaa-Regular.ttf"; sourceTree = "<group>"; };
		195F6B5440477D4D8C557C24 /* libPods-Socialite-tvOS.a */ = {isa = PBXFileReference; explicitFileType = archive.ar; includeInIndex = 0; path = "libPods-Socialite-tvOS.a"; sourceTree = BUILT_PRODUCTS_DIR; };
		19B64085AAA040DCA76D323B /* Comfortaa-Bold.ttf */ = {isa = PBXFileReference; explicitFileType = undefined; fileEncoding = 9; includeInIndex = 0; lastKnownFileType = unknown; name = "Comfortaa-Bold.ttf"; path = "../src/res/fonts/Comfortaa-Bold.ttf"; sourceTree = "<group>"; };
		2300BEC512184B15BA76E685 /* Roboto-Italic.ttf */ = {isa = PBXFileReference; explicitFileType = undefined; fileEncoding = 9; includeInIndex = 0; lastKnownFileType = unknown; name = "Roboto-Italic.ttf"; path = "../assets/fonts/Roboto/Roboto-Italic.ttf"; sourceTree = "<group>"; };
		23B2EF4377017515B0AEB0F7 /* libPods-Socialite-tvOSTests.a */ = {isa = PBXFileReference; explicitFileType = archive.ar; includeInIndex = 0; path = "libPods-Socialite-tvOSTests.a"; sourceTree = BUILT_PRODUCTS_DIR; };
		26FB949B8A0AD5E5C67E5F71 /* libPods-SocialiteTests.a */ = {isa = PBXFileReference; explicitFileType = archive.ar; includeInIndex = 0; path = "libPods-SocialiteTests.a"; sourceTree = BUILT_PRODUCTS_DIR; };
		2A12CF5446293EF47712A4FA /* Pods-Socialite.release.xcconfig */ = {isa = PBXFileReference; includeInIndex = 1; lastKnownFileType = text.xcconfig; name = "Pods-Socialite.release.xcconfig"; path = "Target Support Files/Pods-Socialite/Pods-Socialite.release.xcconfig"; sourceTree = "<group>"; };
		2F8D051E98F7495AB8AB4F96 /* Roboto-ThinItalic.ttf */ = {isa = PBXFileReference; explicitFileType = undefined; fileEncoding = 9; includeInIndex = 0; lastKnownFileType = unknown; name = "Roboto-ThinItalic.ttf"; path = "../assets/fonts/Roboto/Roboto-ThinItalic.ttf"; sourceTree = "<group>"; };
		345B6B68DABDA18090F928EB /* Pods-Socialite-tvOSTests.release.xcconfig */ = {isa = PBXFileReference; includeInIndex = 1; lastKnownFileType = text.xcconfig; name = "Pods-Socialite-tvOSTests.release.xcconfig"; path = "Target Support Files/Pods-Socialite-tvOSTests/Pods-Socialite-tvOSTests.release.xcconfig"; sourceTree = "<group>"; };
		3FEAEF206842447D9121CAC6 /* Roboto-Regular.ttf */ = {isa = PBXFileReference; explicitFileType = undefined; fileEncoding = 9; includeInIndex = 0; lastKnownFileType = unknown; name = "Roboto-Regular.ttf"; path = "../assets/fonts/Roboto/Roboto-Regular.ttf"; sourceTree = "<group>"; };
		5BC730F47E5188A0CD783A34 /* Pods-Socialite.debug.xcconfig */ = {isa = PBXFileReference; includeInIndex = 1; lastKnownFileType = text.xcconfig; name = "Pods-Socialite.debug.xcconfig"; path = "Target Support Files/Pods-Socialite/Pods-Socialite.debug.xcconfig"; sourceTree = "<group>"; };
		5F897E5A9D4A40429E952315 /* Roboto-Thin.ttf */ = {isa = PBXFileReference; explicitFileType = undefined; fileEncoding = 9; includeInIndex = 0; lastKnownFileType = unknown; name = "Roboto-Thin.ttf"; path = "../assets/fonts/Roboto/Roboto-Thin.ttf"; sourceTree = "<group>"; };
		6C81B425B67842578B851042 /* Comfortaa.ttf */ = {isa = PBXFileReference; explicitFileType = undefined; fileEncoding = 9; includeInIndex = 0; lastKnownFileType = unknown; name = Comfortaa.ttf; path = ../assets/fonts/Comfortaa.ttf; sourceTree = "<group>"; };
		708A3547CFDF4A0CA03E9EBD /* Comfortaa-Light.ttf */ = {isa = PBXFileReference; explicitFileType = undefined; fileEncoding = 9; includeInIndex = 0; lastKnownFileType = unknown; name = "Comfortaa-Light.ttf"; path = "../src/res/fonts/Comfortaa-Light.ttf"; sourceTree = "<group>"; };
		71FA13FE038647889DF46951 /* Comfortaa-SemiBold.ttf */ = {isa = PBXFileReference; explicitFileType = undefined; fileEncoding = 9; includeInIndex = 0; lastKnownFileType = unknown; name = "Comfortaa-SemiBold.ttf"; path = "../assets/fonts/Comfortaa/static/Comfortaa-SemiBold.ttf"; sourceTree = "<group>"; };
		776E553307AF45A49601F20B /* Roboto-LightItalic.ttf */ = {isa = PBXFileReference; explicitFileType = undefined; fileEncoding = 9; includeInIndex = 0; lastKnownFileType = unknown; name = "Roboto-LightItalic.ttf"; path = "../assets/fonts/Roboto/Roboto-LightItalic.ttf"; sourceTree = "<group>"; };
		82B8C780D1A14338AD120AFF /* Roboto-MediumItalic.ttf */ = {isa = PBXFileReference; explicitFileType = undefined; fileEncoding = 9; includeInIndex = 0; lastKnownFileType = unknown; name = "Roboto-MediumItalic.ttf"; path = "../assets/fonts/Roboto/Roboto-MediumItalic.ttf"; sourceTree = "<group>"; };
		84ED3F2918704477AAC8E15D /* Roboto-Black.ttf */ = {isa = PBXFileReference; explicitFileType = undefined; fileEncoding = 9; includeInIndex = 0; lastKnownFileType = unknown; name = "Roboto-Black.ttf"; path = "../assets/fonts/Roboto/Roboto-Black.ttf"; sourceTree = "<group>"; };
		8A1316EAAF2040D6B03FFB6E /* Comfortaa-Light.ttf */ = {isa = PBXFileReference; explicitFileType = undefined; fileEncoding = 9; includeInIndex = 0; lastKnownFileType = unknown; name = "Comfortaa-Light.ttf"; path = "../assets/fonts/Comfortaa-Light.ttf"; sourceTree = "<group>"; };
		8E8B1A18B5C044EF8ACED92B /* Comfortaa-Bold.ttf */ = {isa = PBXFileReference; explicitFileType = undefined; fileEncoding = 9; includeInIndex = 0; lastKnownFileType = unknown; name = "Comfortaa-Bold.ttf"; path = "../assets/fonts/Comfortaa-Bold.ttf"; sourceTree = "<group>"; };
		9DB2CED89B314AA7AA492F9F /* Roboto-Bold.ttf */ = {isa = PBXFileReference; explicitFileType = undefined; fileEncoding = 9; includeInIndex = 0; lastKnownFileType = unknown; name = "Roboto-Bold.ttf"; path = "../assets/fonts/Roboto/Roboto-Bold.ttf"; sourceTree = "<group>"; };
		AEC29874631647A9A5544440 /* Comfortaa-Medium.ttf */ = {isa = PBXFileReference; explicitFileType = undefined; fileEncoding = 9; includeInIndex = 0; lastKnownFileType = unknown; name = "Comfortaa-Medium.ttf"; path = "../assets/fonts/Comfortaa/static/Comfortaa-Medium.ttf"; sourceTree = "<group>"; };
		B0B20E32DF524DB58B0279B9 /* Comfortaa-Bold.ttf */ = {isa = PBXFileReference; explicitFileType = undefined; fileEncoding = 9; includeInIndex = 0; lastKnownFileType = unknown; name = "Comfortaa-Bold.ttf"; path = "../assets/fonts/Comfortaa/static/Comfortaa-Bold.ttf"; sourceTree = "<group>"; };
		BA6026ADD36D4E1EA3D0D38D /* Comfortaa-Light.ttf */ = {isa = PBXFileReference; explicitFileType = undefined; fileEncoding = 9; includeInIndex = 0; lastKnownFileType = unknown; name = "Comfortaa-Light.ttf"; path = "../assets/fonts/Comfortaa/static/Comfortaa-Light.ttf"; sourceTree = "<group>"; };
		BD1F86B06E4B42279B76CDA8 /* Comfortaa-Regular.ttf */ = {isa = PBXFileReference; explicitFileType = undefined; fileEncoding = 9; includeInIndex = 0; lastKnownFileType = unknown; name = "Comfortaa-Regular.ttf"; path = "../assets/fonts/Comfortaa/static/Comfortaa-Regular.ttf"; sourceTree = "<group>"; };
		C1F61F235359F0D7420A2FF7 /* Pods-SocialiteTests.debug.xcconfig */ = {isa = PBXFileReference; includeInIndex = 1; lastKnownFileType = text.xcconfig; name = "Pods-SocialiteTests.debug.xcconfig"; path = "Target Support Files/Pods-SocialiteTests/Pods-SocialiteTests.debug.xcconfig"; sourceTree = "<group>"; };
		C4993445833342388EB101A4 /* Comfortaa-SemiBold.ttf */ = {isa = PBXFileReference; explicitFileType = undefined; fileEncoding = 9; includeInIndex = 0; lastKnownFileType = unknown; name = "Comfortaa-SemiBold.ttf"; path = "../src/res/fonts/Comfortaa-SemiBold.ttf"; sourceTree = "<group>"; };
		C71E6A85AE874DD9459BA3F4 /* Pods-Socialite-tvOSTests.debug.xcconfig */ = {isa = PBXFileReference; includeInIndex = 1; lastKnownFileType = text.xcconfig; name = "Pods-Socialite-tvOSTests.debug.xcconfig"; path = "Target Support Files/Pods-Socialite-tvOSTests/Pods-Socialite-tvOSTests.debug.xcconfig"; sourceTree = "<group>"; };
		C8406983872DB191F9584457 /* Pods-Socialite-tvOS.release.xcconfig */ = {isa = PBXFileReference; includeInIndex = 1; lastKnownFileType = text.xcconfig; name = "Pods-Socialite-tvOS.release.xcconfig"; path = "Target Support Files/Pods-Socialite-tvOS/Pods-Socialite-tvOS.release.xcconfig"; sourceTree = "<group>"; };
		CD696E1841EB48CBA814040D /* Comfortaa-Medium.ttf */ = {isa = PBXFileReference; explicitFileType = undefined; fileEncoding = 9; includeInIndex = 0; lastKnownFileType = unknown; name = "Comfortaa-Medium.ttf"; path = "../src/res/fonts/Comfortaa-Medium.ttf"; sourceTree = "<group>"; };
		D42214E487794E1FAE06918E /* Comfortaa-Medium.ttf */ = {isa = PBXFileReference; explicitFileType = undefined; fileEncoding = 9; includeInIndex = 0; lastKnownFileType = unknown; name = "Comfortaa-Medium.ttf"; path = "../assets/fonts/Comfortaa-Medium.ttf"; sourceTree = "<group>"; };
		DC2051AB4FBA41D0824A2B2B /* Roboto-BlackItalic.ttf */ = {isa = PBXFileReference; explicitFileType = undefined; fileEncoding = 9; includeInIndex = 0; lastKnownFileType = unknown; name = "Roboto-BlackItalic.ttf"; path = "../assets/fonts/Roboto/Roboto-BlackItalic.ttf"; sourceTree = "<group>"; };
		DC675A490CE1401084B41C11 /* Roboto-Black.ttf */ = {isa = PBXFileReference; explicitFileType = undefined; fileEncoding = 9; includeInIndex = 0; lastKnownFileType = unknown; name = "Roboto-Black.ttf"; path = "../src/res/fonts/Roboto-Black.ttf"; sourceTree = "<group>"; };
		DD257C6E860749659314A5D2 /* Roboto-Medium.ttf */ = {isa = PBXFileReference; explicitFileType = undefined; fileEncoding = 9; includeInIndex = 0; lastKnownFileType = unknown; name = "Roboto-Medium.ttf"; path = "../assets/fonts/Roboto/Roboto-Medium.ttf"; sourceTree = "<group>"; };
		E6C2FEC5111A4DF78B145604 /* Roboto-BoldItalic.ttf */ = {isa = PBXFileReference; explicitFileType = undefined; fileEncoding = 9; includeInIndex = 0; lastKnownFileType = unknown; name = "Roboto-BoldItalic.ttf"; path = "../assets/fonts/Roboto/Roboto-BoldItalic.ttf"; sourceTree = "<group>"; };
		ED297162215061F000B7C4FE /* JavaScriptCore.framework */ = {isa = PBXFileReference; lastKnownFileType = wrapper.framework; name = JavaScriptCore.framework; path = System/Library/Frameworks/JavaScriptCore.framework; sourceTree = SDKROOT; };
		ED2971642150620600B7C4FE /* JavaScriptCore.framework */ = {isa = PBXFileReference; lastKnownFileType = wrapper.framework; name = JavaScriptCore.framework; path = Platforms/AppleTVOS.platform/Developer/SDKs/AppleTVOS12.0.sdk/System/Library/Frameworks/JavaScriptCore.framework; sourceTree = DEVELOPER_DIR; };
		EF4ED9C4B11544388DD34E58 /* Comfortaa-VariableFont_wght.ttf */ = {isa = PBXFileReference; explicitFileType = undefined; fileEncoding = 9; includeInIndex = 0; lastKnownFileType = unknown; name = "Comfortaa-VariableFont_wght.ttf"; path = "../assets/fonts/Comfortaa-VariableFont_wght.ttf"; sourceTree = "<group>"; };
		F847D25A2CC485C58C53E1E1 /* Pods-Socialite-tvOS.debug.xcconfig */ = {isa = PBXFileReference; includeInIndex = 1; lastKnownFileType = text.xcconfig; name = "Pods-Socialite-tvOS.debug.xcconfig"; path = "Target Support Files/Pods-Socialite-tvOS/Pods-Socialite-tvOS.debug.xcconfig"; sourceTree = "<group>"; };
		FCF3A253E1B629B541C9858E /* libPods-Socialite.a */ = {isa = PBXFileReference; explicitFileType = archive.ar; includeInIndex = 0; path = "libPods-Socialite.a"; sourceTree = BUILT_PRODUCTS_DIR; };
/* End PBXFileReference section */

/* Begin PBXFrameworksBuildPhase section */
		0CA590662416C13F008C5913 /* Frameworks */ = {
			isa = PBXFrameworksBuildPhase;
			buildActionMask = 2147483647;
			files = (
				0CA590672416C13F008C5913 /* libPods-Socialite.a in Frameworks */,
			);
			runOnlyForDeploymentPostprocessing = 0;
		};
/* End PBXFrameworksBuildPhase section */

/* Begin PBXGroup section */
		00E356EF1AD99517003FC87E /* SocialiteTests */ = {
			isa = PBXGroup;
			children = (
				00E356F21AD99517003FC87E /* SocialiteTests.m */,
				00E356F01AD99517003FC87E /* Supporting Files */,
			);
			path = SocialiteTests;
			sourceTree = "<group>";
		};
		00E356F01AD99517003FC87E /* Supporting Files */ = {
			isa = PBXGroup;
			children = (
				00E356F11AD99517003FC87E /* Info.plist */,
			);
			name = "Supporting Files";
			sourceTree = "<group>";
		};
		08DD47658089DDE2A8478C3E /* Pods */ = {
			isa = PBXGroup;
			children = (
				5BC730F47E5188A0CD783A34 /* Pods-Socialite.debug.xcconfig */,
				2A12CF5446293EF47712A4FA /* Pods-Socialite.release.xcconfig */,
				F847D25A2CC485C58C53E1E1 /* Pods-Socialite-tvOS.debug.xcconfig */,
				C8406983872DB191F9584457 /* Pods-Socialite-tvOS.release.xcconfig */,
				C71E6A85AE874DD9459BA3F4 /* Pods-Socialite-tvOSTests.debug.xcconfig */,
				345B6B68DABDA18090F928EB /* Pods-Socialite-tvOSTests.release.xcconfig */,
				C1F61F235359F0D7420A2FF7 /* Pods-SocialiteTests.debug.xcconfig */,
				0923FEFE6E169DFAD235A2F9 /* Pods-SocialiteTests.release.xcconfig */,
			);
			path = Pods;
			sourceTree = "<group>";
		};
		13B07FAE1A68108700A75B9A /* Socialite */ = {
			isa = PBXGroup;
			children = (
				008F07F21AC5B25A0029DE68 /* main.jsbundle */,
				13B07FAF1A68108700A75B9A /* AppDelegate.h */,
				13B07FB01A68108700A75B9A /* AppDelegate.m */,
				13B07FB51A68108700A75B9A /* Images.xcassets */,
				13B07FB61A68108700A75B9A /* Info.plist */,
				13B07FB11A68108700A75B9A /* LaunchScreen.xib */,
				13B07FB71A68108700A75B9A /* main.m */,
			);
			name = Socialite;
			sourceTree = "<group>";
		};
		2D16E6871FA4F8E400B85C8A /* Frameworks */ = {
			isa = PBXGroup;
			children = (
				ED297162215061F000B7C4FE /* JavaScriptCore.framework */,
				ED2971642150620600B7C4FE /* JavaScriptCore.framework */,
				FCF3A253E1B629B541C9858E /* libPods-Socialite.a */,
				195F6B5440477D4D8C557C24 /* libPods-Socialite-tvOS.a */,
				23B2EF4377017515B0AEB0F7 /* libPods-Socialite-tvOSTests.a */,
				26FB949B8A0AD5E5C67E5F71 /* libPods-SocialiteTests.a */,
			);
			name = Frameworks;
			sourceTree = "<group>";
		};
		832341AE1AAA6A7D00B99B32 /* Libraries */ = {
			isa = PBXGroup;
			children = (
			);
			name = Libraries;
			sourceTree = "<group>";
		};
		83CBB9F61A601CBA00E9B192 = {
			isa = PBXGroup;
			children = (
				0C515D3B2416C923003FB613 /* Default-568h@2x.png */,
				0CA0DB602413734E0098B0FA /* GoogleService-Info.plist */,
				13B07FAE1A68108700A75B9A /* Socialite */,
				832341AE1AAA6A7D00B99B32 /* Libraries */,
				00E356EF1AD99517003FC87E /* SocialiteTests */,
				83CBBA001A601CBA00E9B192 /* Products */,
				2D16E6871FA4F8E400B85C8A /* Frameworks */,
				08DD47658089DDE2A8478C3E /* Pods */,
				B711C85E74B8440E97010B96 /* Resources */,
				0CA590782416C13F008C5913 /* Socialite copy-Info.plist */,
				0CA590862416C145008C5913 /* SocialiteTests copy-Info.plist */,
				0CA590962416C147008C5913 /* Socialite-tvOS copy-Info.plist */,
				0CA590A42416C14B008C5913 /* Socialite-tvOSTests copy-Info.plist */,
			);
			indentWidth = 2;
			sourceTree = "<group>";
			tabWidth = 2;
			usesTabs = 0;
		};
		83CBBA001A601CBA00E9B192 /* Products */ = {
			isa = PBXGroup;
			children = (
				0CA590772416C13F008C5913 /* Socialite.app */,
			);
			name = Products;
			sourceTree = "<group>";
		};
		B711C85E74B8440E97010B96 /* Resources */ = {
			isa = PBXGroup;
			children = (
				6C81B425B67842578B851042 /* Comfortaa.ttf */,
				B0B20E32DF524DB58B0279B9 /* Comfortaa-Bold.ttf */,
				BA6026ADD36D4E1EA3D0D38D /* Comfortaa-Light.ttf */,
				AEC29874631647A9A5544440 /* Comfortaa-Medium.ttf */,
				BD1F86B06E4B42279B76CDA8 /* Comfortaa-Regular.ttf */,
				71FA13FE038647889DF46951 /* Comfortaa-SemiBold.ttf */,
				84ED3F2918704477AAC8E15D /* Roboto-Black.ttf */,
				DC2051AB4FBA41D0824A2B2B /* Roboto-BlackItalic.ttf */,
				9DB2CED89B314AA7AA492F9F /* Roboto-Bold.ttf */,
				E6C2FEC5111A4DF78B145604 /* Roboto-BoldItalic.ttf */,
				2300BEC512184B15BA76E685 /* Roboto-Italic.ttf */,
				124776A2C01C4FE4AEF56B1C /* Roboto-Light.ttf */,
				776E553307AF45A49601F20B /* Roboto-LightItalic.ttf */,
				DD257C6E860749659314A5D2 /* Roboto-Medium.ttf */,
				82B8C780D1A14338AD120AFF /* Roboto-MediumItalic.ttf */,
				3FEAEF206842447D9121CAC6 /* Roboto-Regular.ttf */,
				5F897E5A9D4A40429E952315 /* Roboto-Thin.ttf */,
				2F8D051E98F7495AB8AB4F96 /* Roboto-ThinItalic.ttf */,
				8E8B1A18B5C044EF8ACED92B /* Comfortaa-Bold.ttf */,
				8A1316EAAF2040D6B03FFB6E /* Comfortaa-Light.ttf */,
				D42214E487794E1FAE06918E /* Comfortaa-Medium.ttf */,
				0B6372C5CBC542DD898C9D1D /* Comfortaa-Regular.ttf */,
				13C36F2CED6E4700A48DF8B9 /* Comfortaa-SemiBold.ttf */,
				EF4ED9C4B11544388DD34E58 /* Comfortaa-VariableFont_wght.ttf */,
				0A3409AE6A034EACA885B8B6 /* Roboto-Black.ttf */,
				19B64085AAA040DCA76D323B /* Comfortaa-Bold.ttf */,
				708A3547CFDF4A0CA03E9EBD /* Comfortaa-Light.ttf */,
				CD696E1841EB48CBA814040D /* Comfortaa-Medium.ttf */,
				1925099350DC4FA49C235DEE /* Comfortaa-Regular.ttf */,
				C4993445833342388EB101A4 /* Comfortaa-SemiBold.ttf */,
				DC675A490CE1401084B41C11 /* Roboto-Black.ttf */,
			);
			name = Resources;
			sourceTree = "<group>";
		};
/* End PBXGroup section */

/* Begin PBXNativeTarget section */
		0CA590602416C13F008C5913 /* Socialite */ = {
			isa = PBXNativeTarget;
			buildConfigurationList = 0CA590742416C13F008C5913 /* Build configuration list for PBXNativeTarget "Socialite" */;
			buildPhases = (
				0CA590612416C13F008C5913 /* [CP] Check Pods Manifest.lock */,
				0CA590622416C13F008C5913 /* Start Packager */,
				0CA590632416C13F008C5913 /* Sources */,
				0CA590662416C13F008C5913 /* Frameworks */,
				0CA590682416C13F008C5913 /* Resources */,
				0CA590722416C13F008C5913 /* Bundle React Native code and images */,
				0CA590732416C13F008C5913 /* [CP] Copy Pods Resources */,
			);
			buildRules = (
			);
			dependencies = (
			);
			name = Socialite;
			productName = Socialite;
			productReference = 0CA590772416C13F008C5913 /* Socialite.app */;
			productType = "com.apple.product-type.application";
		};
/* End PBXNativeTarget section */

/* Begin PBXProject section */
		83CBB9F71A601CBA00E9B192 /* Project object */ = {
			isa = PBXProject;
			attributes = {
				LastUpgradeCheck = 1130;
				ORGANIZATIONNAME = Facebook;
				TargetAttributes = {
					0CA590602416C13F008C5913 = {
						DevelopmentTeam = 5MX3H2JGUD;
						ProvisioningStyle = Automatic;
					};
				};
			};
			buildConfigurationList = 83CBB9FA1A601CBA00E9B192 /* Build configuration list for PBXProject "Socialite" */;
			compatibilityVersion = "Xcode 3.2";
			developmentRegion = en;
			hasScannedForEncodings = 0;
			knownRegions = (
				en,
				Base,
			);
			mainGroup = 83CBB9F61A601CBA00E9B192;
			productRefGroup = 83CBBA001A601CBA00E9B192 /* Products */;
			projectDirPath = "";
			projectRoot = "";
			targets = (
				0CA590602416C13F008C5913 /* Socialite */,
			);
		};
/* End PBXProject section */

/* Begin PBXResourcesBuildPhase section */
		0CA590682416C13F008C5913 /* Resources */ = {
			isa = PBXResourcesBuildPhase;
			buildActionMask = 2147483647;
			files = (
				0CA590692416C13F008C5913 /* Images.xcassets in Resources */,
				0CA5906A2416C13F008C5913 /* LaunchScreen.xib in Resources */,
				0CA5906B2416C13F008C5913 /* GoogleService-Info.plist in Resources */,
				0C515D3C2416C923003FB613 /* Default-568h@2x.png in Resources */,
				0CA5906C2416C13F008C5913 /* Comfortaa-Bold.ttf in Resources */,
				0CA5906D2416C13F008C5913 /* Comfortaa-Light.ttf in Resources */,
				0CA5906E2416C13F008C5913 /* Comfortaa-Medium.ttf in Resources */,
				0CA5906F2416C13F008C5913 /* Comfortaa-Regular.ttf in Resources */,
				0CA590702416C13F008C5913 /* Comfortaa-SemiBold.ttf in Resources */,
				0CA590712416C13F008C5913 /* Roboto-Black.ttf in Resources */,
			);
			runOnlyForDeploymentPostprocessing = 0;
		};
/* End PBXResourcesBuildPhase section */

/* Begin PBXShellScriptBuildPhase section */
		0CA590612416C13F008C5913 /* [CP] Check Pods Manifest.lock */ = {
			isa = PBXShellScriptBuildPhase;
			buildActionMask = 2147483647;
			files = (
			);
			inputFileListPaths = (
			);
			inputPaths = (
				"${PODS_PODFILE_DIR_PATH}/Podfile.lock",
				"${PODS_ROOT}/Manifest.lock",
			);
			name = "[CP] Check Pods Manifest.lock";
			outputFileListPaths = (
			);
			outputPaths = (
				"$(DERIVED_FILE_DIR)/Pods-Socialite-checkManifestLockResult.txt",
			);
			runOnlyForDeploymentPostprocessing = 0;
			shellPath = /bin/sh;
			shellScript = "diff \"${PODS_PODFILE_DIR_PATH}/Podfile.lock\" \"${PODS_ROOT}/Manifest.lock\" > /dev/null\nif [ $? != 0 ] ; then\n    # print error to STDERR\n    echo \"error: The sandbox is not in sync with the Podfile.lock. Run 'pod install' or update your CocoaPods installation.\" >&2\n    exit 1\nfi\n# This output is used by Xcode 'outputs' to avoid re-running this script phase.\necho \"SUCCESS\" > \"${SCRIPT_OUTPUT_FILE_0}\"\n";
			showEnvVarsInLog = 0;
		};
		0CA590622416C13F008C5913 /* Start Packager */ = {
			isa = PBXShellScriptBuildPhase;
			buildActionMask = 2147483647;
			files = (
			);
			inputFileListPaths = (
			);
			inputPaths = (
			);
			name = "Start Packager";
			outputFileListPaths = (
			);
			outputPaths = (
			);
			runOnlyForDeploymentPostprocessing = 0;
			shellPath = /bin/sh;
			shellScript = "export RCT_METRO_PORT=\"${RCT_METRO_PORT:=8081}\"\necho \"export RCT_METRO_PORT=${RCT_METRO_PORT}\" > \"${SRCROOT}/../node_modules/react-native/scripts/.packager.env\"\nif [ -z \"${RCT_NO_LAUNCH_PACKAGER+xxx}\" ] ; then\n  if nc -w 5 -z localhost ${RCT_METRO_PORT} ; then\n    if ! curl -s \"http://localhost:${RCT_METRO_PORT}/status\" | grep -q \"packager-status:running\" ; then\n      echo \"Port ${RCT_METRO_PORT} already in use, packager is either not running or not running correctly\"\n      exit 2\n    fi\n  else\n    open \"$SRCROOT/../node_modules/react-native/scripts/launchPackager.command\" || echo \"Can't start packager automatically\"\n  fi\nfi\n";
			showEnvVarsInLog = 0;
		};
		0CA590722416C13F008C5913 /* Bundle React Native code and images */ = {
			isa = PBXShellScriptBuildPhase;
			buildActionMask = 2147483647;
			files = (
			);
			inputPaths = (
			);
			name = "Bundle React Native code and images";
			outputPaths = (
			);
			runOnlyForDeploymentPostprocessing = 0;
			shellPath = /bin/sh;
			shellScript = "export NODE_BINARY=node\n../node_modules/react-native/scripts/react-native-xcode.sh\n";
		};
		0CA590732416C13F008C5913 /* [CP] Copy Pods Resources */ = {
			isa = PBXShellScriptBuildPhase;
			buildActionMask = 2147483647;
			files = (
			);
			inputPaths = (
				"${PODS_ROOT}/Target Support Files/Pods-Socialite/Pods-Socialite-resources.sh",
				"${PODS_ROOT}/FBSDKCoreKit/FacebookSDKStrings.bundle",
			);
			name = "[CP] Copy Pods Resources";
			outputPaths = (
				"${TARGET_BUILD_DIR}/${UNLOCALIZED_RESOURCES_FOLDER_PATH}/FacebookSDKStrings.bundle",
			);
			runOnlyForDeploymentPostprocessing = 0;
			shellPath = /bin/sh;
			shellScript = "\"${PODS_ROOT}/Target Support Files/Pods-Socialite/Pods-Socialite-resources.sh\"\n";
			showEnvVarsInLog = 0;
		};
/* End PBXShellScriptBuildPhase section */

/* Begin PBXSourcesBuildPhase section */
		0CA590632416C13F008C5913 /* Sources */ = {
			isa = PBXSourcesBuildPhase;
			buildActionMask = 2147483647;
			files = (
				0CA590642416C13F008C5913 /* AppDelegate.m in Sources */,
				0CA590652416C13F008C5913 /* main.m in Sources */,
			);
			runOnlyForDeploymentPostprocessing = 0;
		};
/* End PBXSourcesBuildPhase section */

/* Begin PBXVariantGroup section */
		13B07FB11A68108700A75B9A /* LaunchScreen.xib */ = {
			isa = PBXVariantGroup;
			children = (
				13B07FB21A68108700A75B9A /* Base */,
			);
			name = LaunchScreen.xib;
			path = Socialite;
			sourceTree = "<group>";
		};
/* End PBXVariantGroup section */

/* Begin XCBuildConfiguration section */
		0CA590752416C13F008C5913 /* Debug */ = {
			isa = XCBuildConfiguration;
			baseConfigurationReference = 5BC730F47E5188A0CD783A34 /* Pods-Socialite.debug.xcconfig */;
			buildSettings = {
				ASSETCATALOG_COMPILER_APPICON_NAME = AppIcon;
				CODE_SIGN_IDENTITY = "Apple Development";
				CODE_SIGN_STYLE = Automatic;
				CURRENT_PROJECT_VERSION = 1;
				DEAD_CODE_STRIPPING = NO;
				DEVELOPMENT_TEAM = 5MX3H2JGUD;
				INFOPLIST_FILE = "$(SRCROOT)/Socialite/Info.plist";
				IPHONEOS_DEPLOYMENT_TARGET = 9.0;
				LD_RUNPATH_SEARCH_PATHS = "$(inherited) @executable_path/Frameworks";
				OTHER_LDFLAGS = (
					"$(inherited)",
					"-ObjC",
					"-lc++",
				);
				PRODUCT_BUNDLE_IDENTIFIER = socialite.ios;
				PRODUCT_NAME = "$(TARGET_NAME)";
				PROVISIONING_PROFILE_SPECIFIER = "";
				VERSIONING_SYSTEM = "apple-generic";
			};
			name = Debug;
		};
		0CA590762416C13F008C5913 /* Release */ = {
			isa = XCBuildConfiguration;
			baseConfigurationReference = 2A12CF5446293EF47712A4FA /* Pods-Socialite.release.xcconfig */;
			buildSettings = {
				ASSETCATALOG_COMPILER_APPICON_NAME = AppIcon;
				CODE_SIGN_IDENTITY = "Apple Development";
				CODE_SIGN_STYLE = Automatic;
				CURRENT_PROJECT_VERSION = 1;
				DEVELOPMENT_TEAM = 5MX3H2JGUD;
				INFOPLIST_FILE = "$(SRCROOT)/Socialite/Info.plist";
				IPHONEOS_DEPLOYMENT_TARGET = 9.0;
				LD_RUNPATH_SEARCH_PATHS = "$(inherited) @executable_path/Frameworks";
				OTHER_LDFLAGS = (
					"$(inherited)",
					"-ObjC",
					"-lc++",
				);
				PRODUCT_BUNDLE_IDENTIFIER = socialite.ios;
				PRODUCT_NAME = "$(TARGET_NAME)";
				PROVISIONING_PROFILE_SPECIFIER = "";
				VERSIONING_SYSTEM = "apple-generic";
			};
			name = Release;
		};
		83CBBA201A601CBA00E9B192 /* Debug */ = {
			isa = XCBuildConfiguration;
			buildSettings = {
				ALWAYS_SEARCH_USER_PATHS = NO;
				CLANG_ANALYZER_LOCALIZABILITY_NONLOCALIZED = YES;
				CLANG_CXX_LANGUAGE_STANDARD = "gnu++0x";
				CLANG_CXX_LIBRARY = "libc++";
				CLANG_ENABLE_MODULES = YES;
				CLANG_ENABLE_OBJC_ARC = YES;
				CLANG_WARN_BLOCK_CAPTURE_AUTORELEASING = YES;
				CLANG_WARN_BOOL_CONVERSION = YES;
				CLANG_WARN_COMMA = YES;
				CLANG_WARN_CONSTANT_CONVERSION = YES;
				CLANG_WARN_DEPRECATED_OBJC_IMPLEMENTATIONS = YES;
				CLANG_WARN_DIRECT_OBJC_ISA_USAGE = YES_ERROR;
				CLANG_WARN_EMPTY_BODY = YES;
				CLANG_WARN_ENUM_CONVERSION = YES;
				CLANG_WARN_INFINITE_RECURSION = YES;
				CLANG_WARN_INT_CONVERSION = YES;
				CLANG_WARN_NON_LITERAL_NULL_CONVERSION = YES;
				CLANG_WARN_OBJC_IMPLICIT_RETAIN_SELF = YES;
				CLANG_WARN_OBJC_LITERAL_CONVERSION = YES;
				CLANG_WARN_OBJC_ROOT_CLASS = YES_ERROR;
				CLANG_WARN_RANGE_LOOP_ANALYSIS = YES;
				CLANG_WARN_STRICT_PROTOTYPES = YES;
				CLANG_WARN_SUSPICIOUS_MOVE = YES;
				CLANG_WARN_UNREACHABLE_CODE = YES;
				CLANG_WARN__DUPLICATE_METHOD_MATCH = YES;
				"CODE_SIGN_IDENTITY[sdk=iphoneos*]" = "iPhone Developer";
				COPY_PHASE_STRIP = NO;
				ENABLE_STRICT_OBJC_MSGSEND = YES;
				ENABLE_TESTABILITY = YES;
				GCC_C_LANGUAGE_STANDARD = gnu99;
				GCC_DYNAMIC_NO_PIC = NO;
				GCC_NO_COMMON_BLOCKS = YES;
				GCC_OPTIMIZATION_LEVEL = 0;
				GCC_PREPROCESSOR_DEFINITIONS = (
					"DEBUG=1",
					"$(inherited)",
				);
				GCC_SYMBOLS_PRIVATE_EXTERN = NO;
				GCC_WARN_64_TO_32_BIT_CONVERSION = YES;
				GCC_WARN_ABOUT_RETURN_TYPE = YES_ERROR;
				GCC_WARN_UNDECLARED_SELECTOR = YES;
				GCC_WARN_UNINITIALIZED_AUTOS = YES_AGGRESSIVE;
				GCC_WARN_UNUSED_FUNCTION = YES;
				GCC_WARN_UNUSED_VARIABLE = YES;
				IPHONEOS_DEPLOYMENT_TARGET = 9.0;
				MTL_ENABLE_DEBUG_INFO = YES;
				ONLY_ACTIVE_ARCH = YES;
				SDKROOT = iphoneos;
			};
			name = Debug;
		};
		83CBBA211A601CBA00E9B192 /* Release */ = {
			isa = XCBuildConfiguration;
			buildSettings = {
				ALWAYS_SEARCH_USER_PATHS = NO;
				CLANG_ANALYZER_LOCALIZABILITY_NONLOCALIZED = YES;
				CLANG_CXX_LANGUAGE_STANDARD = "gnu++0x";
				CLANG_CXX_LIBRARY = "libc++";
				CLANG_ENABLE_MODULES = YES;
				CLANG_ENABLE_OBJC_ARC = YES;
				CLANG_WARN_BLOCK_CAPTURE_AUTORELEASING = YES;
				CLANG_WARN_BOOL_CONVERSION = YES;
				CLANG_WARN_COMMA = YES;
				CLANG_WARN_CONSTANT_CONVERSION = YES;
				CLANG_WARN_DEPRECATED_OBJC_IMPLEMENTATIONS = YES;
				CLANG_WARN_DIRECT_OBJC_ISA_USAGE = YES_ERROR;
				CLANG_WARN_EMPTY_BODY = YES;
				CLANG_WARN_ENUM_CONVERSION = YES;
				CLANG_WARN_INFINITE_RECURSION = YES;
				CLANG_WARN_INT_CONVERSION = YES;
				CLANG_WARN_NON_LITERAL_NULL_CONVERSION = YES;
				CLANG_WARN_OBJC_IMPLICIT_RETAIN_SELF = YES;
				CLANG_WARN_OBJC_LITERAL_CONVERSION = YES;
				CLANG_WARN_OBJC_ROOT_CLASS = YES_ERROR;
				CLANG_WARN_RANGE_LOOP_ANALYSIS = YES;
				CLANG_WARN_STRICT_PROTOTYPES = YES;
				CLANG_WARN_SUSPICIOUS_MOVE = YES;
				CLANG_WARN_UNREACHABLE_CODE = YES;
				CLANG_WARN__DUPLICATE_METHOD_MATCH = YES;
				"CODE_SIGN_IDENTITY[sdk=iphoneos*]" = "iPhone Developer";
				COPY_PHASE_STRIP = YES;
				ENABLE_NS_ASSERTIONS = NO;
				ENABLE_STRICT_OBJC_MSGSEND = YES;
				GCC_C_LANGUAGE_STANDARD = gnu99;
				GCC_NO_COMMON_BLOCKS = YES;
				GCC_WARN_64_TO_32_BIT_CONVERSION = YES;
				GCC_WARN_ABOUT_RETURN_TYPE = YES_ERROR;
				GCC_WARN_UNDECLARED_SELECTOR = YES;
				GCC_WARN_UNINITIALIZED_AUTOS = YES_AGGRESSIVE;
				GCC_WARN_UNUSED_FUNCTION = YES;
				GCC_WARN_UNUSED_VARIABLE = YES;
				IPHONEOS_DEPLOYMENT_TARGET = 9.0;
				MTL_ENABLE_DEBUG_INFO = NO;
				SDKROOT = iphoneos;
				VALIDATE_PRODUCT = YES;
			};
			name = Release;
		};
/* End XCBuildConfiguration section */

/* Begin XCConfigurationList section */
		0CA590742416C13F008C5913 /* Build configuration list for PBXNativeTarget "Socialite" */ = {
			isa = XCConfigurationList;
			buildConfigurations = (
				0CA590752416C13F008C5913 /* Debug */,
				0CA590762416C13F008C5913 /* Release */,
			);
			defaultConfigurationIsVisible = 0;
			defaultConfigurationName = Release;
		};
		83CBB9FA1A601CBA00E9B192 /* Build configuration list for PBXProject "Socialite" */ = {
			isa = XCConfigurationList;
			buildConfigurations = (
				83CBBA201A601CBA00E9B192 /* Debug */,
				83CBBA211A601CBA00E9B192 /* Release */,
			);
			defaultConfigurationIsVisible = 0;
			defaultConfigurationName = Release;
		};
/* End XCConfigurationList section */
	};
	rootObject = 83CBB9F71A601CBA00E9B192 /* Project object */;
}
